
Microsoft Visual Studio Solution File, Format Version 12.00
# Visual Studio 15
VisualStudioVersion = 15.0.26228.9
MinimumVisualStudioVersion = 10.0.40219.1
Project("{FAE04EC0-301F-11D3-BF4B-00C04F79EFBC}") = "DoodleTypes", "DoodleTypes\DoodleTypes.csproj", "{ABCB3399-1527-44E2-B90B-08A5E7D776D7}"
EndProject
Project("{FAE04EC0-301F-11D3-BF4B-00C04F79EFBC}") = "DoodleTypes.Tests", "DoodleTypes.Tests\DoodleTypes.Tests.csproj", "{C26BB610-59DB-4130-A4FE-2D52E05B5F2A}"
EndProject
Global
	GlobalSection(SolutionConfigurationPlatforms) = preSolution
		Debug|Any CPU = Debug|Any CPU
		Release|Any CPU = Release|Any CPU
	EndGlobalSection
	GlobalSection(ProjectConfigurationPlatforms) = postSolution
		{ABCB3399-1527-44E2-B90B-08A5E7D776D7}.Debug|Any CPU.ActiveCfg = Debug|Any CPU
		{ABCB3399-1527-44E2-B90B-08A5E7D776D7}.Debug|Any CPU.Build.0 = Debug|Any CPU
		{ABCB3399-1527-44E2-B90B-08A5E7D776D7}.Release|Any CPU.ActiveCfg = Release|Any CPU
		{ABCB3399-1527-44E2-B90B-08A5E7D776D7}.Release|Any CPU.Build.0 = Release|Any CPU
		{C26BB610-59DB-4130-A4FE-2D52E05B5F2A}.Debug|Any CPU.ActiveCfg = Debug|Any CPU
		{C26BB610-59DB-4130-A4FE-2D52E05B5F2A}.Debug|Any CPU.Build.0 = Debug|Any CPU
		{C26BB610-59DB-4130-A4FE-2D52E05B5F2A}.Release|Any CPU.ActiveCfg = Release|Any CPU
		{C26BB610-59DB-4130-A4FE-2D52E05B5F2A}.Release|Any CPU.Build.0 = Release|Any CPU
	EndGlobalSection
	GlobalSection(SolutionProperties) = preSolution
		HideSolutionNode = FALSE
	EndGlobalSection
EndGlobal
